{
  "lockfileVersion": 1,
  "configVersion": 0,
  "workspaces": {
    "": {
      "name": "webgpu-dock",
      "devDependencies": {
        "@types/bun": "^1.3.14",
        "@typescript/native-preview": "^7.0.0-dev.20260705.1",
        "@webgpu/types": "^0.1.71",
        "typescript": "^6.0.3",
      },
    },
  },
  "packages": {
    "@types/bun": ["@types/bun@1.3.14", "", { "dependencies": { "bun-types": "1.3.14" } }, "sha512-h1hFqFVcvAvD9j9K7ZW7vd82aSA+rTdznZa+5bwvCwqSB1jmmfLcbIWhOLx1/+boy/xmjgCs/OMUL8hRJSmnPw=="],

    "@types/node": ["@types/node@22.20.0", "", { "dependencies": { "undici-types": "~6.21.0" } }, "sha512-QWlFW2wf3nTjC13/DqRnBpR4ZO36VJH/JVBkA/vcnmbTBNQIlnObqyqZE1tUR7+Ni23Lda8R1BxMfbXRpCUx5g=="],

    "@typescript/native-preview": ["@typescript/native-preview@7.0.0-dev.20260705.1", "", { "optionalDependencies": { "@typescript/native-preview-darwin-arm64": "7.0.0-dev.20260705.1", "@typescript/native-preview-darwin-x64": "7.0.0-dev.20260705.1", "@typescript/native-preview-linux-arm": "7.0.0-dev.20260705.1", "@typescript/native-preview-linux-arm64": "7.0.0-dev.20260705.1", "@typescript/native-preview-linux-x64": "7.0.0-dev.20260705.1", "@typescript/native-preview-win32-arm64": "7.0.0-dev.20260705.1", "@typescript/native-preview-win32-x64": "7.0.0-dev.20260705.1" }, "bin": { "tsgo": "bin/tsgo" } }, "sha512-mXc3tDkRCe8UinMcl5yqUfLAP5Vk5MFuZNNaNsrwRehu1d+lnL+Zu+K7g6kSMOV8NOY9bn9tGFN4/cqhlK4VwA=="],

    "@typescript/native-preview-darwin-arm64": ["@typescript/native-preview-darwin-arm64@7.0.0-dev.20260705.1", "", { "os": "darwin", "cpu": "arm64" }, "sha512-OemjoGm+5nLCaUyL0zwWcSDhyQYQnO6/DcOidm2EzOqK7dYXgaCerDFUAz6iOGjOFtTAQFU50CV+ZbtUxodk9A=="],

    "@typescript/native-preview-darwin-x64": ["@typescript/native-preview-darwin-x64@7.0.0-dev.20260705.1", "", { "os": "darwin", "cpu": "x64" }, "sha512-jYEsBtcVOin3ARa2xAkwM21KOlmr9s3FGxcY28gESigXPJOGooRaxZlJ45tFM3TczCMEGmML88XCXuQaH2z1kw=="],

    "@typescript/native-preview-linux-arm": ["@typescript/native-preview-linux-arm@7.0.0-dev.20260705.1", "", { "os": "linux", "cpu": "arm" }, "sha512-abTOyfyx5SW5szf1YeZf5K9vUWEE7nbbqUUthl8OgRrFrJzlZnDIRf/FV0h6QGqQIN7XTf8lgKjdFe4piNFLww=="],

    "@typescript/native-preview-linux-arm64": ["@typescript/native-preview-linux-arm64@7.0.0-dev.20260705.1", "", { "os": "linux", "cpu": "arm64" }, "sha512-kmWaZkuqb5RGTHt4AFIdPJ53/wO8vuZbmjSizNFNpvx1owYgQ8QZNu51zKfLQZbMs2FR7NAzVuQT14mhBaQW5Q=="],

    "@typescript/native-preview-linux-x64": ["@typescript/native-preview-linux-x64@7.0.0-dev.20260705.1", "", { "os": "linux", "cpu": "x64" }, "sha512-oNA9I3MFLqdFVbwolnsFObjrQ1AsBXc4WXPcNyKcoaauAmFTwjxOBPKtiaqFKj4j4Abum7KvjVj0fgBaO5gRPA=="],

    "@typescript/native-preview-win32-arm64": ["@typescript/native-preview-win32-arm64@7.0.0-dev.20260705.1", "", { "os": "win32", "cpu": "arm64" }, "sha512-K6hTgnqAEBbrIGH6feXM//FHbk0ilSAQDpLct+3IHfd+tg2sKop5lK2rTZkl/ptHM7Vlh0CF77m0RL73an+oAw=="],

    "@typescript/native-preview-win32-x64": ["@typescript/native-preview-win32-x64@7.0.0-dev.20260705.1", "", { "os": "win32", "cpu": "x64" }, "sha512-gAwPJgfQWtJnZlMrJ8NCA+vdI42N+XLev+jqZnpcMqt+Jd2zMtoNpppHB0I6URMVys+R2WpMiOOSlHcnvOMyTQ=="],

    "@webgpu/types": ["@webgpu/types@0.1.71", "", {}, "sha512-mMy8/ODcKhab808co15eW+yN+HgXoQxRQHTiBV9Mrvl1r0ufnid7YOcI+gi4eUWSWl9ezD6TW2KXccrL8HCh2A=="],

    "bun-types": ["bun-types@1.3.14", "", { "dependencies": { "@types/node": "*" } }, "sha512-4N0ig0fEomHt5R0KCFWjovxow98rIoRwKolrYdCcknNwMekCXRnWEUvgu5soYV8QXtVsrUD8B95MBOZGPvr6KQ=="],

    "typescript": ["typescript@6.0.3", "", { "bin": { "tsc": "bin/tsc", "tsserver": "bin/tsserver" } }, "sha512-y2TvuxSZPDyQakkFRPZHKFm+KKVqIisdg9/CZwm9ftvKXLP8NRWj38/ODjNbr43SsoXqNuAisEf1GdCxqWcdBw=="],

    "undici-types": ["undici-types@6.21.0", "", {}, "sha512-iwDZqg0QAGrg9Rav5H4n0M64c3mkR59cJ6wQp+7C4nI0gsmExaedaYLNO44eT4AtBBwjbTiGPMlt2Md0T9H9JQ=="],
  }
}
